
Microsoft Visual Studio Solution File, Format Version 12.00
Project("{FAE04EC0-301F-11D3-BF4B-00C04F79EFBC}") = "backend", "src/backend/backend.csproj", "{73727962-26FC-4E5F-B510-7E386AD9F777}"
EndProject
Project("{FAE04EC0-301F-11D3-BF4B-00C04F79EFBC}") = "UnitTests", "tests\UnitTests\UnitTests.csproj", "{EDC1AC3A-4F4C-47FE-9ABA-056A1BC78332}"
EndProject
Global
	GlobalSection(SolutionConfigurationPlatforms) = preSolution
		Debug|Any CPU = Debug|Any CPU
		Release|Any CPU = Release|Any CPU
	EndGlobalSection
	GlobalSection(ProjectConfigurationPlatforms) = postSolution
		{73727962-26FC-4E5F-B510-7E386AD9F777}.Debug|Any CPU.ActiveCfg = Debug|Any CPU
		{73727962-26FC-4E5F-B510-7E386AD9F777}.Debug|Any CPU.Build.0 = Debug|Any CPU
		{73727962-26FC-4E5F-B510-7E386AD9F777}.Release|Any CPU.ActiveCfg = Release|Any CPU
		{73727962-26FC-4E5F-B510-7E386AD9F777}.Release|Any CPU.Build.0 = Release|Any CPU
		{EDC1AC3A-4F4C-47FE-9ABA-056A1BC78332}.Debug|Any CPU.ActiveCfg = Debug|Any CPU
		{EDC1AC3A-4F4C-47FE-9ABA-056A1BC78332}.Debug|Any CPU.Build.0 = Debug|Any CPU
		{EDC1AC3A-4F4C-47FE-9ABA-056A1BC78332}.Release|Any CPU.ActiveCfg = Release|Any CPU
		{EDC1AC3A-4F4C-47FE-9ABA-056A1BC78332}.Release|Any CPU.Build.0 = Release|Any CPU
	EndGlobalSection
EndGlobal
